# This file is automatically @generated by Poetry and should not be changed by hand.

[[package]]
name = "slack-bolt"
version = "1.17.0"
description = "The Bolt Framework for Python"
category = "main"
optional = false
python-versions = ">=3.6"
files = [
    {file = "slack_bolt-1.17.0-py2.py3-none-any.whl", hash = "sha256:ca051f7c62346ecea4b363379de9357844b4f6c8b0c9d0784664d2543d47d42a"},
    {file = "slack_bolt-1.17.0.tar.gz", hash = "sha256:93b819955337e5ceaaa6871a06ef5f816b6376abc16a3080c0e7240487bc3bcb"},
]

[package.dependencies]
slack-sdk = ">=3.20.2,<4"

[package.extras]
adapter = ["CherryPy (>=18,<19)", "Django (>=3,<5)", "Flask (>=1,<3)", "Werkzeug (>=2,<3)", "boto3 (<=2)", "bottle (>=0.12,<1)", "chalice (>=1.28,<2)", "falcon (>=2,<4)", "fastapi (>=0.70.0,<1)", "gunicorn (>=20,<21)", "pyramid (>=1,<3)", "sanic (>=22,<23)", "starlette (>=0.14,<1)", "tornado (>=6,<7)", "uvicorn (<1)", "websocket-client (>=1.2.3,<2)"]
adapter-testing = ["Flask (>=1,<2)", "Werkzeug (>=1,<2)", "boddle (>=0.2,<0.3)", "docker (>=5,<6)", "moto (>=3,<4)", "requests (>=2,<3)", "sanic-testing (>=0.7)"]
async = ["aiohttp (>=3,<4)", "websockets (>=10,<11)"]
testing = ["Flask-Sockets (>=0.2,<1)", "Jinja2 (==3.0.3)", "Werkzeug (>=1,<2)", "aiohttp (>=3,<4)", "black (==22.8.0)", "click (<=8.0.4)", "itsdangerous (==2.0.1)", "pytest (>=6.2.5,<7)", "pytest-asyncio (>=0.18.2,<1)", "pytest-cov (>=3,<4)"]
testing-without-asyncio = ["Flask-Sockets (>=0.2,<1)", "Jinja2 (==3.0.3)", "Werkzeug (>=1,<2)", "black (==22.8.0)", "click (<=8.0.4)", "itsdangerous (==2.0.1)", "pytest (>=6.2.5,<7)", "pytest-cov (>=3,<4)"]

[[package]]
name = "slack-sdk"
version = "3.21.0"
description = "The Slack API Platform SDK for Python"
category = "main"
optional = false
python-versions = ">=3.6.0"
files = [
    {file = "slack_sdk-3.21.0-py2.py3-none-any.whl", hash = "sha256:c5452d0bfa8cb716103522e51f695efac8d62af20d95e419b8c3265525941405"},
    {file = "slack_sdk-3.21.0.tar.gz", hash = "sha256:552c6961293da524def64e012543bc4b8859f96fa8780f016de6daf8abeb1c1c"},
]

[package.extras]
optional = ["SQLAlchemy (>=1.4,<3)", "aiodns (>1.0)", "aiohttp (>=3.7.3,<4)", "boto3 (<=2)", "websocket-client (>=1,<2)", "websockets (>=10,<11)"]
testing = ["Flask (>=1,<2)", "Flask-Sockets (>=0.2,<1)", "Jinja2 (==3.0.3)", "Werkzeug (<2)", "black (==22.8.0)", "boto3 (<=2)", "click (==8.0.4)", "codecov (>=2,<3)", "databases (>=0.5)", "flake8 (>=5,<6)", "itsdangerous (==1.1.0)", "moto (>=3,<4)", "psutil (>=5,<6)", "pytest (>=6.2.5,<7)", "pytest-asyncio (<1)", "pytest-cov (>=2,<3)"]

[metadata]
lock-version = "2.0"
python-versions = "^3.9.16"
content-hash = "e9d72fee6e6aab7d366a8b97cecb434f5bc710caf8b3fee0eab49047192c52f6"
